{
    "version": 3,
    "terraform_version": "0.10.0",
    "serial": 13,
    "lineage": "02912b83-e773-4e30-a0ea-2185e299d614",
    "modules": [
        {
            "path": [
                "root"
            ],
            "outputs": {
                "Private_Jenkins_IP": {
                    "sensitive": false,
                    "type": "string",
                    "value": "10.0.0.99"
                },
                "Public_Jenkins_IP": {
                    "sensitive": false,
                    "type": "string",
                    "value": "34.225.138.75"
                }
            },
            "resources": {
                "aws_eip.jenkins-public": {
                    "type": "aws_eip",
                    "depends_on": [
                        "aws_instance.jenkins"
                    ],
                    "primary": {
                        "id": "eipalloc-14a0a327",
                        "attributes": {
                            "associate_with_private_ip": "10.0.0.99",
                            "association_id": "eipassoc-7e07d34a",
                            "domain": "vpc",
                            "id": "eipalloc-14a0a327",
                            "instance": "i-050561558c67412a6",
                            "network_interface": "eni-405b3694",
                            "private_ip": "10.0.0.99",
                            "public_ip": "34.225.138.75",
                            "vpc": "true"
                        },
                        "meta": {},
                        "tainted": false
                    },
                    "deposed": [],
                    "provider": ""
                },
                "aws_instance.jenkins": {
                    "type": "aws_instance",
                    "depends_on": [
                        "aws_security_group.JenkinsSG",
                        "aws_subnet.public_subnet"
                    ],
                    "primary": {
                        "id": "i-050561558c67412a6",
                        "attributes": {
                            "ami": "ami-c998b6b2",
                            "associate_public_ip_address": "true",
                            "availability_zone": "us-east-1b",
                            "disable_api_termination": "false",
                            "ebs_block_device.#": "0",
                            "ebs_optimized": "false",
                            "ephemeral_block_device.#": "0",
                            "iam_instance_profile": "",
                            "id": "i-050561558c67412a6",
                            "instance_state": "running",
                            "instance_type": "t2.micro",
                            "ipv6_addresses.#": "0",
                            "key_name": "ljubon-key",
                            "monitoring": "false",
                            "network_interface.#": "0",
                            "network_interface_id": "eni-405b3694",
                            "primary_network_interface_id": "eni-405b3694",
                            "private_dns": "ip-10-0-0-99.ec2.internal",
                            "private_ip": "10.0.0.99",
                            "public_dns": "ec2-34-225-138-75.compute-1.amazonaws.com",
                            "public_ip": "34.225.138.75",
                            "root_block_device.#": "1",
                            "root_block_device.0.delete_on_termination": "true",
                            "root_block_device.0.iops": "100",
                            "root_block_device.0.volume_size": "10",
                            "root_block_device.0.volume_type": "gp2",
                            "security_groups.#": "0",
                            "source_dest_check": "false",
                            "subnet_id": "subnet-cdd4c685",
                            "tags.%": "1",
                            "tags.Name": "Jenkins server",
                            "tenancy": "default",
                            "volume_tags.%": "0",
                            "vpc_security_group_ids.#": "1",
                            "vpc_security_group_ids.1304335571": "sg-f6b5e086"
                        },
                        "meta": {
                            "e2bfb730-ecaa-11e6-8f88-34363bc7c4c0": {
                                "create": 600000000000,
                                "delete": 600000000000,
                                "update": 600000000000
                            },
                            "schema_version": "1"
                        },
                        "tainted": false
                    },
                    "deposed": [],
                    "provider": ""
                },
                "aws_internet_gateway.jenkins": {
                    "type": "aws_internet_gateway",
                    "depends_on": [
                        "aws_vpc.jenkins_vpc"
                    ],
                    "primary": {
                        "id": "igw-77859211",
                        "attributes": {
                            "id": "igw-77859211",
                            "tags.%": "1",
                            "tags.Name": "InternetGateway",
                            "vpc_id": "vpc-390a3b40"
                        },
                        "meta": {},
                        "tainted": false
                    },
                    "deposed": [],
                    "provider": ""
                },
                "aws_key_pair.ljubon-key": {
                    "type": "aws_key_pair",
                    "depends_on": [],
                    "primary": {
                        "id": "ljubon-key",
                        "attributes": {
                            "fingerprint": "73:37:dd:79:a6:b9:6d:e2:83:01:af:9d:d9:4a:1e:c2",
                            "id": "ljubon-key",
                            "key_name": "ljubon-key",
                            "public_key": "---- BEGIN SSH2 PUBLIC KEY ----\r\nComment: \"rsa-key-20170821\"\r\nAAAAB3NzaC1yc2EAAAABJQAAAQEAqRTMziIsRz81PQIbl0WzX6VVztMvhvzX0Txr\r\nBfCxitZeG2S88R7A5hoWV8Xn4BXCwj80DMhvIqkkK63SuYLdWKF0FLfwOeof4r9T\r\ntbwuLSbvnnloXOsyOnERBCyhJbRU4TNcSNhWgZY/gtlGFJ4bU18ivNff7YsqlmzW\r\n2SkBAFogRir5tnplOUKHrGM+0BEnrb7vTvYoeSqbupDZ7z3jSQICPJfT/jM8xtec\r\nTocjq3+U7aaM+/W6054VgzbSNbFBKJqevCGvt4xA3bOEg+PcWmIHmOkjpZuu4JDr\r\nr6ySXONmLsxUbnYGEtdersdtPA9P5D7NgidDToKh53RBHl+moQ==\r\n---- END SSH2 PUBLIC KEY ----"
                        },
                        "meta": {
                            "schema_version": "1"
                        },
                        "tainted": false
                    },
                    "deposed": [],
                    "provider": ""
                },
                "aws_route_table.public_subnet": {
                    "type": "aws_route_table",
                    "depends_on": [
                        "aws_internet_gateway.jenkins",
                        "aws_vpc.jenkins_vpc"
                    ],
                    "primary": {
                        "id": "rtb-7dbb1506",
                        "attributes": {
                            "id": "rtb-7dbb1506",
                            "propagating_vgws.#": "0",
                            "route.#": "1",
                            "route.3058318030.cidr_block": "0.0.0.0/0",
                            "route.3058318030.egress_only_gateway_id": "",
                            "route.3058318030.gateway_id": "igw-77859211",
                            "route.3058318030.instance_id": "",
                            "route.3058318030.ipv6_cidr_block": "",
                            "route.3058318030.nat_gateway_id": "",
                            "route.3058318030.network_interface_id": "",
                            "route.3058318030.vpc_peering_connection_id": "",
                            "tags.%": "1",
                            "tags.Name": "Public Subnet",
                            "vpc_id": "vpc-390a3b40"
                        },
                        "meta": {},
                        "tainted": false
                    },
                    "deposed": [],
                    "provider": ""
                },
                "aws_route_table_association.public_subnet": {
                    "type": "aws_route_table_association",
                    "depends_on": [
                        "aws_route_table.public_subnet",
                        "aws_subnet.public_subnet"
                    ],
                    "primary": {
                        "id": "rtbassoc-3eafdb44",
                        "attributes": {
                            "id": "rtbassoc-3eafdb44",
                            "route_table_id": "rtb-7dbb1506",
                            "subnet_id": "subnet-cdd4c685"
                        },
                        "meta": {},
                        "tainted": false
                    },
                    "deposed": [],
                    "provider": ""
                },
                "aws_security_group.JenkinsSG": {
                    "type": "aws_security_group",
                    "depends_on": [
                        "aws_vpc.jenkins_vpc"
                    ],
                    "primary": {
                        "id": "sg-f6b5e086",
                        "attributes": {
                            "description": "Allow all",
                            "egress.#": "2",
                            "egress.1403647648.cidr_blocks.#": "1",
                            "egress.1403647648.cidr_blocks.0": "0.0.0.0/0",
                            "egress.1403647648.from_port": "0",
                            "egress.1403647648.ipv6_cidr_blocks.#": "0",
                            "egress.1403647648.prefix_list_ids.#": "0",
                            "egress.1403647648.protocol": "tcp",
                            "egress.1403647648.security_groups.#": "0",
                            "egress.1403647648.self": "false",
                            "egress.1403647648.to_port": "65535",
                            "egress.482069346.cidr_blocks.#": "1",
                            "egress.482069346.cidr_blocks.0": "0.0.0.0/0",
                            "egress.482069346.from_port": "0",
                            "egress.482069346.ipv6_cidr_blocks.#": "0",
                            "egress.482069346.prefix_list_ids.#": "0",
                            "egress.482069346.protocol": "-1",
                            "egress.482069346.security_groups.#": "0",
                            "egress.482069346.self": "false",
                            "egress.482069346.to_port": "0",
                            "id": "sg-f6b5e086",
                            "ingress.#": "2",
                            "ingress.1403647648.cidr_blocks.#": "1",
                            "ingress.1403647648.cidr_blocks.0": "0.0.0.0/0",
                            "ingress.1403647648.from_port": "0",
                            "ingress.1403647648.ipv6_cidr_blocks.#": "0",
                            "ingress.1403647648.protocol": "tcp",
                            "ingress.1403647648.security_groups.#": "0",
                            "ingress.1403647648.self": "false",
                            "ingress.1403647648.to_port": "65535",
                            "ingress.482069346.cidr_blocks.#": "1",
                            "ingress.482069346.cidr_blocks.0": "0.0.0.0/0",
                            "ingress.482069346.from_port": "0",
                            "ingress.482069346.ipv6_cidr_blocks.#": "0",
                            "ingress.482069346.protocol": "-1",
                            "ingress.482069346.security_groups.#": "0",
                            "ingress.482069346.self": "false",
                            "ingress.482069346.to_port": "0",
                            "name": "vpc_jenkins",
                            "owner_id": "957425063927",
                            "tags.%": "1",
                            "tags.Name": "JenkinsSG - allow all",
                            "vpc_id": "vpc-390a3b40"
                        },
                        "meta": {},
                        "tainted": false
                    },
                    "deposed": [],
                    "provider": ""
                },
                "aws_subnet.public_subnet": {
                    "type": "aws_subnet",
                    "depends_on": [
                        "aws_vpc.jenkins_vpc"
                    ],
                    "primary": {
                        "id": "subnet-cdd4c685",
                        "attributes": {
                            "assign_ipv6_address_on_creation": "false",
                            "availability_zone": "us-east-1b",
                            "cidr_block": "10.0.0.0/24",
                            "id": "subnet-cdd4c685",
                            "map_public_ip_on_launch": "false",
                            "tags.%": "1",
                            "tags.Name": "Public Subnet",
                            "vpc_id": "vpc-390a3b40"
                        },
                        "meta": {
                            "schema_version": "1"
                        },
                        "tainted": false
                    },
                    "deposed": [],
                    "provider": ""
                },
                "aws_vpc.jenkins_vpc": {
                    "type": "aws_vpc",
                    "depends_on": [],
                    "primary": {
                        "id": "vpc-390a3b40",
                        "attributes": {
                            "assign_generated_ipv6_cidr_block": "false",
                            "cidr_block": "10.0.0.0/16",
                            "default_network_acl_id": "acl-7cea4904",
                            "default_route_table_id": "rtb-2b8f2150",
                            "default_security_group_id": "sg-f7bde887",
                            "dhcp_options_id": "dopt-d02fbfb7",
                            "enable_classiclink": "false",
                            "enable_classiclink_dns_support": "false",
                            "enable_dns_hostnames": "true",
                            "enable_dns_support": "true",
                            "id": "vpc-390a3b40",
                            "instance_tenancy": "default",
                            "main_route_table_id": "rtb-2b8f2150",
                            "tags.%": "1",
                            "tags.Name": "default VPC"
                        },
                        "meta": {
                            "schema_version": "1"
                        },
                        "tainted": false
                    },
                    "deposed": [],
                    "provider": ""
                }
            },
            "depends_on": []
        }
    ]
}
