{
    "version": 3,
    "terraform_version": "0.10.0",
    "serial": 17,
    "lineage": "e425cbc2-2d48-40e6-847d-385bc0575b9e",
    "modules": [
        {
            "path": [
                "root"
            ],
            "outputs": {
                "Private_Jenkins_IP": {
                    "sensitive": false,
                    "type": "string",
                    "value": "10.0.0.99"
                },
                "Public_Jenkins_IP": {
                    "sensitive": false,
                    "type": "string",
                    "value": "34.232.252.12"
                }
            },
            "resources": {
                "aws_eip.jenkins": {
                    "type": "aws_eip",
                    "depends_on": [
                        "aws_instance.jenkins"
                    ],
                    "primary": {
                        "id": "eipalloc-8e261cbd",
                        "attributes": {
                            "association_id": "",
                            "domain": "vpc",
                            "id": "eipalloc-8e261cbd",
                            "instance": "",
                            "network_interface": "",
                            "private_ip": "",
                            "public_ip": "54.197.25.18",
                            "vpc": "true"
                        },
                        "meta": {},
                        "tainted": false
                    },
                    "deposed": [],
                    "provider": ""
                },
                "aws_eip.jenkins-public": {
                    "type": "aws_eip",
                    "depends_on": [
                        "aws_instance.jenkins"
                    ],
                    "primary": {
                        "id": "eipalloc-35231906",
                        "attributes": {
                            "association_id": "eipassoc-705a9d44",
                            "domain": "vpc",
                            "id": "eipalloc-35231906",
                            "instance": "i-0b2ebbcdb831b251e",
                            "network_interface": "eni-09b33cdd",
                            "private_ip": "10.0.0.99",
                            "public_ip": "34.232.252.12",
                            "vpc": "true"
                        },
                        "meta": {},
                        "tainted": false
                    },
                    "deposed": [],
                    "provider": ""
                },
                "aws_instance.jenkins": {
                    "type": "aws_instance",
                    "depends_on": [
                        "aws_subnet.public_subnet"
                    ],
                    "primary": {
                        "id": "i-0b2ebbcdb831b251e",
                        "attributes": {
                            "ami": "ami-c998b6b2",
                            "associate_public_ip_address": "false",
                            "availability_zone": "us-east-1b",
                            "disable_api_termination": "false",
                            "ebs_block_device.#": "0",
                            "ebs_optimized": "false",
                            "ephemeral_block_device.#": "0",
                            "iam_instance_profile": "",
                            "id": "i-0b2ebbcdb831b251e",
                            "instance_state": "running",
                            "instance_type": "t2.micro",
                            "ipv6_addresses.#": "0",
                            "key_name": "ljubon-key",
                            "monitoring": "false",
                            "network_interface.#": "0",
                            "network_interface_id": "eni-09b33cdd",
                            "primary_network_interface_id": "eni-09b33cdd",
                            "private_dns": "ip-10-0-0-99.ec2.internal",
                            "private_ip": "10.0.0.99",
                            "public_dns": "",
                            "public_ip": "",
                            "root_block_device.#": "1",
                            "root_block_device.0.delete_on_termination": "true",
                            "root_block_device.0.iops": "100",
                            "root_block_device.0.volume_size": "10",
                            "root_block_device.0.volume_type": "gp2",
                            "security_groups.#": "0",
                            "source_dest_check": "true",
                            "subnet_id": "subnet-46e2f40e",
                            "tags.%": "1",
                            "tags.Name": "Jenkins server",
                            "tenancy": "default",
                            "volume_tags.%": "0",
                            "vpc_security_group_ids.#": "1",
                            "vpc_security_group_ids.3595471371": "sg-f8cfb788"
                        },
                        "meta": {
                            "e2bfb730-ecaa-11e6-8f88-34363bc7c4c0": {
                                "create": 600000000000,
                                "delete": 600000000000,
                                "update": 600000000000
                            },
                            "schema_version": "1"
                        },
                        "tainted": false
                    },
                    "deposed": [],
                    "provider": ""
                },
                "aws_internet_gateway.default": {
                    "type": "aws_internet_gateway",
                    "depends_on": [
                        "aws_vpc.default"
                    ],
                    "primary": {
                        "id": "igw-7a19131c",
                        "attributes": {
                            "id": "igw-7a19131c",
                            "tags.%": "1",
                            "tags.Name": "InternetGateway",
                            "vpc_id": "vpc-c591bbbc"
                        },
                        "meta": {},
                        "tainted": false
                    },
                    "deposed": [],
                    "provider": ""
                },
                "aws_internet_gateway.jenkins": {
                    "type": "aws_internet_gateway",
                    "depends_on": [
                        "aws_vpc.jenkins-vpc"
                    ],
                    "primary": {
                        "id": "igw-501c1636",
                        "attributes": {
                            "id": "igw-501c1636",
                            "tags.%": "1",
                            "tags.Name": "InternetGateway",
                            "vpc_id": "vpc-d67540af"
                        },
                        "meta": {},
                        "tainted": false
                    },
                    "deposed": [],
                    "provider": ""
                },
                "aws_key_pair.ljubon-key": {
                    "type": "aws_key_pair",
                    "depends_on": [],
                    "primary": {
                        "id": "ljubon-key",
                        "attributes": {
                            "id": "ljubon-key",
                            "key_name": "ljubon-key",
                            "public_key": "---- BEGIN SSH2 PUBLIC KEY ----\r\nComment: \"rsa-key-20170821\"\r\nAAAAB3NzaC1yc2EAAAABJQAAAQEAqRTMziIsRz81PQIbl0WzX6VVztMvhvzX0Txr\r\nBfCxitZeG2S88R7A5hoWV8Xn4BXCwj80DMhvIqkkK63SuYLdWKF0FLfwOeof4r9T\r\ntbwuLSbvnnloXOsyOnERBCyhJbRU4TNcSNhWgZY/gtlGFJ4bU18ivNff7YsqlmzW\r\n2SkBAFogRir5tnplOUKHrGM+0BEnrb7vTvYoeSqbupDZ7z3jSQICPJfT/jM8xtec\r\nTocjq3+U7aaM+/W6054VgzbSNbFBKJqevCGvt4xA3bOEg+PcWmIHmOkjpZuu4JDr\r\nr6ySXONmLsxUbnYGEtdersdtPA9P5D7NgidDToKh53RBHl+moQ==\r\n---- END SSH2 PUBLIC KEY ----"
                        },
                        "meta": {
                            "schema_version": "1"
                        },
                        "tainted": false
                    },
                    "deposed": [],
                    "provider": ""
                },
                "aws_security_group.JenkinsSG": {
                    "type": "aws_security_group",
                    "depends_on": [
                        "aws_vpc.jenkins-vpc"
                    ],
                    "primary": {
                        "id": "sg-0b3a417b",
                        "attributes": {
                            "description": "Allow incoming HTTP connections.",
                            "egress.#": "2",
                            "egress.1403647648.cidr_blocks.#": "1",
                            "egress.1403647648.cidr_blocks.0": "0.0.0.0/0",
                            "egress.1403647648.from_port": "0",
                            "egress.1403647648.ipv6_cidr_blocks.#": "0",
                            "egress.1403647648.prefix_list_ids.#": "0",
                            "egress.1403647648.protocol": "tcp",
                            "egress.1403647648.security_groups.#": "0",
                            "egress.1403647648.self": "false",
                            "egress.1403647648.to_port": "65535",
                            "egress.482069346.cidr_blocks.#": "1",
                            "egress.482069346.cidr_blocks.0": "0.0.0.0/0",
                            "egress.482069346.from_port": "0",
                            "egress.482069346.ipv6_cidr_blocks.#": "0",
                            "egress.482069346.prefix_list_ids.#": "0",
                            "egress.482069346.protocol": "-1",
                            "egress.482069346.security_groups.#": "0",
                            "egress.482069346.self": "false",
                            "egress.482069346.to_port": "0",
                            "id": "sg-0b3a417b",
                            "ingress.#": "2",
                            "ingress.1403647648.cidr_blocks.#": "1",
                            "ingress.1403647648.cidr_blocks.0": "0.0.0.0/0",
                            "ingress.1403647648.from_port": "0",
                            "ingress.1403647648.ipv6_cidr_blocks.#": "0",
                            "ingress.1403647648.protocol": "tcp",
                            "ingress.1403647648.security_groups.#": "0",
                            "ingress.1403647648.self": "false",
                            "ingress.1403647648.to_port": "65535",
                            "ingress.482069346.cidr_blocks.#": "1",
                            "ingress.482069346.cidr_blocks.0": "0.0.0.0/0",
                            "ingress.482069346.from_port": "0",
                            "ingress.482069346.ipv6_cidr_blocks.#": "0",
                            "ingress.482069346.protocol": "-1",
                            "ingress.482069346.security_groups.#": "0",
                            "ingress.482069346.self": "false",
                            "ingress.482069346.to_port": "0",
                            "name": "vpc_jenkins",
                            "owner_id": "957425063927",
                            "tags.%": "1",
                            "tags.Name": "JenkinsSG - allow all",
                            "vpc_id": "vpc-d67540af"
                        },
                        "meta": {},
                        "tainted": false
                    },
                    "deposed": [],
                    "provider": ""
                },
                "aws_subnet.public_subnet": {
                    "type": "aws_subnet",
                    "depends_on": [
                        "aws_vpc.jenkins-vpc"
                    ],
                    "primary": {
                        "id": "subnet-46e2f40e",
                        "attributes": {
                            "assign_ipv6_address_on_creation": "false",
                            "availability_zone": "us-east-1b",
                            "cidr_block": "10.0.0.0/24",
                            "id": "subnet-46e2f40e",
                            "map_public_ip_on_launch": "false",
                            "tags.%": "1",
                            "tags.Name": "Public Subnet",
                            "vpc_id": "vpc-d67540af"
                        },
                        "meta": {
                            "schema_version": "1"
                        },
                        "tainted": false
                    },
                    "deposed": [],
                    "provider": ""
                },
                "aws_subnet.us-east-1-public": {
                    "type": "aws_subnet",
                    "depends_on": [
                        "aws_vpc.default"
                    ],
                    "primary": {
                        "id": "subnet-ff9680b7",
                        "attributes": {
                            "assign_ipv6_address_on_creation": "false",
                            "availability_zone": "us-east-1b",
                            "cidr_block": "10.0.0.0/24",
                            "id": "subnet-ff9680b7",
                            "map_public_ip_on_launch": "false",
                            "tags.%": "1",
                            "tags.Name": "Public Subnet",
                            "vpc_id": "vpc-c591bbbc"
                        },
                        "meta": {
                            "schema_version": "1"
                        },
                        "tainted": false
                    },
                    "deposed": [],
                    "provider": ""
                },
                "aws_vpc.default": {
                    "type": "aws_vpc",
                    "depends_on": [],
                    "primary": {
                        "id": "vpc-c591bbbc",
                        "attributes": {
                            "assign_generated_ipv6_cidr_block": "false",
                            "cidr_block": "10.0.0.0/16",
                            "default_network_acl_id": "acl-95dd79ed",
                            "default_route_table_id": "rtb-bb2af1c0",
                            "default_security_group_id": "sg-5b3f442b",
                            "dhcp_options_id": "dopt-d02fbfb7",
                            "enable_classiclink": "false",
                            "enable_classiclink_dns_support": "false",
                            "enable_dns_hostnames": "true",
                            "enable_dns_support": "true",
                            "id": "vpc-c591bbbc",
                            "instance_tenancy": "default",
                            "main_route_table_id": "rtb-bb2af1c0",
                            "tags.%": "1",
                            "tags.Name": "Jenkins-aws-vpc"
                        },
                        "meta": {
                            "schema_version": "1"
                        },
                        "tainted": false
                    },
                    "deposed": [],
                    "provider": ""
                },
                "aws_vpc.jenkins-vpc": {
                    "type": "aws_vpc",
                    "depends_on": [],
                    "primary": {
                        "id": "vpc-d67540af",
                        "attributes": {
                            "assign_generated_ipv6_cidr_block": "false",
                            "cidr_block": "10.0.0.0/16",
                            "default_network_acl_id": "acl-bbd773c3",
                            "default_route_table_id": "rtb-af2ff4d4",
                            "default_security_group_id": "sg-f8cfb788",
                            "dhcp_options_id": "dopt-d02fbfb7",
                            "enable_classiclink": "false",
                            "enable_classiclink_dns_support": "false",
                            "enable_dns_hostnames": "true",
                            "enable_dns_support": "true",
                            "id": "vpc-d67540af",
                            "instance_tenancy": "default",
                            "main_route_table_id": "rtb-af2ff4d4",
                            "tags.%": "1",
                            "tags.Name": "default VPC"
                        },
                        "meta": {
                            "schema_version": "1"
                        },
                        "tainted": false
                    },
                    "deposed": [],
                    "provider": ""
                }
            },
            "depends_on": []
        }
    ]
}
