{
    "version": 3,
    "terraform_version": "0.10.4",
    "serial": 56,
    "lineage": "d5b7cd54-32c3-4082-acac-54465987b3ee",
    "modules": [
        {
            "path": [
                "root"
            ],
            "outputs": {
                "private-ip": {
                    "sensitive": false,
                    "type": "string",
                    "value": "10.0.0.99"
                },
                "public-ip": {
                    "sensitive": false,
                    "type": "string",
                    "value": "18.194.32.67"
                }
            },
            "resources": {
                "aws_eip.jenkins-public": {
                    "type": "aws_eip",
                    "depends_on": [
                        "aws_instance.jenkins"
                    ],
                    "primary": {
                        "id": "eipalloc-fc3e3295",
                        "attributes": {
                            "associate_with_private_ip": "10.0.0.99",
                            "association_id": "eipassoc-c040f5aa",
                            "domain": "vpc",
                            "id": "eipalloc-fc3e3295",
                            "instance": "i-01ec048a51b3149de",
                            "network_interface": "eni-3155e041",
                            "private_ip": "10.0.0.99",
                            "public_ip": "18.194.32.67",
                            "vpc": "true"
                        },
                        "meta": {},
                        "tainted": false
                    },
                    "deposed": [],
                    "provider": ""
                },
                "aws_instance.jenkins": {
                    "type": "aws_instance",
                    "depends_on": [
                        "aws_security_group.JenkinsSG",
                        "aws_subnet.public_subnet"
                    ],
                    "primary": {
                        "id": "i-01ec048a51b3149de",
                        "attributes": {
                            "ami": "ami-d74be5b8",
                            "associate_public_ip_address": "true",
                            "availability_zone": "eu-central-1b",
                            "disable_api_termination": "false",
                            "ebs_block_device.#": "0",
                            "ebs_optimized": "false",
                            "ephemeral_block_device.#": "0",
                            "iam_instance_profile": "",
                            "id": "i-01ec048a51b3149de",
                            "instance_state": "running",
                            "instance_type": "t2.micro",
                            "ipv6_addresses.#": "0",
                            "key_name": "ljubon-key-jenkins",
                            "monitoring": "false",
                            "network_interface.#": "0",
                            "network_interface_id": "eni-3155e041",
                            "primary_network_interface_id": "eni-3155e041",
                            "private_dns": "ip-10-0-0-99.eu-central-1.compute.internal",
                            "private_ip": "10.0.0.99",
                            "public_dns": "ec2-35-156-205-222.eu-central-1.compute.amazonaws.com",
                            "public_ip": "35.156.205.222",
                            "root_block_device.#": "1",
                            "root_block_device.0.delete_on_termination": "true",
                            "root_block_device.0.iops": "100",
                            "root_block_device.0.volume_size": "10",
                            "root_block_device.0.volume_type": "gp2",
                            "security_groups.#": "0",
                            "source_dest_check": "false",
                            "subnet_id": "subnet-b093a2ca",
                            "tags.%": "1",
                            "tags.Name": "Jenkins server",
                            "tenancy": "default",
                            "volume_tags.%": "0",
                            "vpc_security_group_ids.#": "1",
                            "vpc_security_group_ids.2038581032": "sg-dd769bb7"
                        },
                        "meta": {
                            "e2bfb730-ecaa-11e6-8f88-34363bc7c4c0": {
                                "create": 600000000000,
                                "delete": 600000000000,
                                "update": 600000000000
                            },
                            "schema_version": "1"
                        },
                        "tainted": false
                    },
                    "deposed": [],
                    "provider": ""
                },
                "aws_internet_gateway.jenkins": {
                    "type": "aws_internet_gateway",
                    "depends_on": [
                        "aws_vpc.jenkins_vpc"
                    ],
                    "primary": {
                        "id": "igw-e0438c88",
                        "attributes": {
                            "id": "igw-e0438c88",
                            "tags.%": "1",
                            "tags.Name": "InternetGateway",
                            "vpc_id": "vpc-891c30e1"
                        },
                        "meta": {},
                        "tainted": false
                    },
                    "deposed": [],
                    "provider": ""
                },
                "aws_key_pair.ljubon-key-jenkins": {
                    "type": "aws_key_pair",
                    "depends_on": [],
                    "primary": {
                        "id": "ljubon-key-jenkins",
                        "attributes": {
                            "id": "ljubon-key-jenkins",
                            "key_name": "ljubon-key-jenkins",
                            "public_key": "---- BEGIN SSH2 PUBLIC KEY ----\r\nComment: \"rsa-key-20170821\"\r\nAAAAB3NzaC1yc2EAAAABJQAAAQEAqRTMziIsRz81PQIbl0WzX6VVztMvhvzX0Txr\r\nBfCxitZeG2S88R7A5hoWV8Xn4BXCwj80DMhvIqkkK63SuYLdWKF0FLfwOeof4r9T\r\ntbwuLSbvnnloXOsyOnERBCyhJbRU4TNcSNhWgZY/gtlGFJ4bU18ivNff7YsqlmzW\r\n2SkBAFogRir5tnplOUKHrGM+0BEnrb7vTvYoeSqbupDZ7z3jSQICPJfT/jM8xtec\r\nTocjq3+U7aaM+/W6054VgzbSNbFBKJqevCGvt4xA3bOEg+PcWmIHmOkjpZuu4JDr\r\nr6ySXONmLsxUbnYGEtdersdtPA9P5D7NgidDToKh53RBHl+moQ==\r\n---- END SSH2 PUBLIC KEY ----"
                        },
                        "meta": {
                            "schema_version": "1"
                        },
                        "tainted": false
                    },
                    "deposed": [],
                    "provider": ""
                },
                "aws_route_table.public_subnet": {
                    "type": "aws_route_table",
                    "depends_on": [
                        "aws_internet_gateway.jenkins",
                        "aws_vpc.jenkins_vpc"
                    ],
                    "primary": {
                        "id": "rtb-7d8a7b16",
                        "attributes": {
                            "id": "rtb-7d8a7b16",
                            "propagating_vgws.#": "0",
                            "route.#": "1",
                            "route.3772765335.cidr_block": "0.0.0.0/0",
                            "route.3772765335.egress_only_gateway_id": "",
                            "route.3772765335.gateway_id": "igw-e0438c88",
                            "route.3772765335.instance_id": "",
                            "route.3772765335.ipv6_cidr_block": "",
                            "route.3772765335.nat_gateway_id": "",
                            "route.3772765335.network_interface_id": "",
                            "route.3772765335.vpc_peering_connection_id": "",
                            "tags.%": "1",
                            "tags.Name": "Public Subnet",
                            "vpc_id": "vpc-891c30e1"
                        },
                        "meta": {},
                        "tainted": false
                    },
                    "deposed": [],
                    "provider": ""
                },
                "aws_route_table_association.public_subnet": {
                    "type": "aws_route_table_association",
                    "depends_on": [
                        "aws_route_table.public_subnet",
                        "aws_subnet.public_subnet"
                    ],
                    "primary": {
                        "id": "rtbassoc-971145fc",
                        "attributes": {
                            "id": "rtbassoc-971145fc",
                            "route_table_id": "rtb-7d8a7b16",
                            "subnet_id": "subnet-b093a2ca"
                        },
                        "meta": {},
                        "tainted": false
                    },
                    "deposed": [],
                    "provider": ""
                },
                "aws_security_group.JenkinsSG": {
                    "type": "aws_security_group",
                    "depends_on": [
                        "aws_vpc.jenkins_vpc"
                    ],
                    "primary": {
                        "id": "sg-dd769bb7",
                        "attributes": {
                            "description": "Allow all",
                            "egress.#": "2",
                            "egress.1403647648.cidr_blocks.#": "1",
                            "egress.1403647648.cidr_blocks.0": "0.0.0.0/0",
                            "egress.1403647648.from_port": "0",
                            "egress.1403647648.ipv6_cidr_blocks.#": "0",
                            "egress.1403647648.prefix_list_ids.#": "0",
                            "egress.1403647648.protocol": "tcp",
                            "egress.1403647648.security_groups.#": "0",
                            "egress.1403647648.self": "false",
                            "egress.1403647648.to_port": "65535",
                            "egress.482069346.cidr_blocks.#": "1",
                            "egress.482069346.cidr_blocks.0": "0.0.0.0/0",
                            "egress.482069346.from_port": "0",
                            "egress.482069346.ipv6_cidr_blocks.#": "0",
                            "egress.482069346.prefix_list_ids.#": "0",
                            "egress.482069346.protocol": "-1",
                            "egress.482069346.security_groups.#": "0",
                            "egress.482069346.self": "false",
                            "egress.482069346.to_port": "0",
                            "id": "sg-dd769bb7",
                            "ingress.#": "2",
                            "ingress.1403647648.cidr_blocks.#": "1",
                            "ingress.1403647648.cidr_blocks.0": "0.0.0.0/0",
                            "ingress.1403647648.from_port": "0",
                            "ingress.1403647648.ipv6_cidr_blocks.#": "0",
                            "ingress.1403647648.protocol": "tcp",
                            "ingress.1403647648.security_groups.#": "0",
                            "ingress.1403647648.self": "false",
                            "ingress.1403647648.to_port": "65535",
                            "ingress.482069346.cidr_blocks.#": "1",
                            "ingress.482069346.cidr_blocks.0": "0.0.0.0/0",
                            "ingress.482069346.from_port": "0",
                            "ingress.482069346.ipv6_cidr_blocks.#": "0",
                            "ingress.482069346.protocol": "-1",
                            "ingress.482069346.security_groups.#": "0",
                            "ingress.482069346.self": "false",
                            "ingress.482069346.to_port": "0",
                            "name": "vpc_jenkins",
                            "owner_id": "957425063927",
                            "tags.%": "1",
                            "tags.Name": "JenkinsSG - allow all",
                            "vpc_id": "vpc-891c30e1"
                        },
                        "meta": {},
                        "tainted": false
                    },
                    "deposed": [],
                    "provider": ""
                },
                "aws_subnet.public_subnet": {
                    "type": "aws_subnet",
                    "depends_on": [
                        "aws_vpc.jenkins_vpc"
                    ],
                    "primary": {
                        "id": "subnet-b093a2ca",
                        "attributes": {
                            "assign_ipv6_address_on_creation": "false",
                            "availability_zone": "eu-central-1b",
                            "cidr_block": "10.0.0.0/24",
                            "id": "subnet-b093a2ca",
                            "map_public_ip_on_launch": "false",
                            "tags.%": "1",
                            "tags.Name": "Public Subnet",
                            "vpc_id": "vpc-891c30e1"
                        },
                        "meta": {
                            "schema_version": "1"
                        },
                        "tainted": false
                    },
                    "deposed": [],
                    "provider": ""
                },
                "aws_vpc.jenkins_vpc": {
                    "type": "aws_vpc",
                    "depends_on": [],
                    "primary": {
                        "id": "vpc-891c30e1",
                        "attributes": {
                            "assign_generated_ipv6_cidr_block": "false",
                            "cidr_block": "10.0.0.0/16",
                            "default_network_acl_id": "acl-df6f8bb4",
                            "default_route_table_id": "rtb-778b7a1c",
                            "default_security_group_id": "sg-d2779ab8",
                            "dhcp_options_id": "dopt-0ab14462",
                            "enable_dns_hostnames": "true",
                            "enable_dns_support": "true",
                            "id": "vpc-891c30e1",
                            "instance_tenancy": "default",
                            "main_route_table_id": "rtb-778b7a1c",
                            "tags.%": "1",
                            "tags.Name": "Jenkins VPC"
                        },
                        "meta": {
                            "schema_version": "1"
                        },
                        "tainted": false
                    },
                    "deposed": [],
                    "provider": ""
                }
            },
            "depends_on": []
        }
    ]
}
